
Microsoft Visual Studio Solution File, Format Version 12.00
# Visual Studio Version 17
VisualStudioVersion = 17.5.002.0
MinimumVisualStudioVersion = 10.0.40219.1
Project("{9A19103F-16F7-4668-BE54-9A1E7A4F7556}") = "loop-iteration-practice-Joshua-Fish-Student", "loop-iteration-practice-Joshua-Fish-Student.csproj", "{47E5E925-33FE-4755-B382-CB6378B94D2F}"
EndProject
Global
	GlobalSection(SolutionConfigurationPlatforms) = preSolution
		Debug|Any CPU = Debug|Any CPU
		Release|Any CPU = Release|Any CPU
	EndGlobalSection
	GlobalSection(ProjectConfigurationPlatforms) = postSolution
		{47E5E925-33FE-4755-B382-CB6378B94D2F}.Debug|Any CPU.ActiveCfg = Debug|Any CPU
		{47E5E925-33FE-4755-B382-CB6378B94D2F}.Debug|Any CPU.Build.0 = Debug|Any CPU
		{47E5E925-33FE-4755-B382-CB6378B94D2F}.Release|Any CPU.ActiveCfg = Release|Any CPU
		{47E5E925-33FE-4755-B382-CB6378B94D2F}.Release|Any CPU.Build.0 = Release|Any CPU
	EndGlobalSection
	GlobalSection(SolutionProperties) = preSolution
		HideSolutionNode = FALSE
	EndGlobalSection
	GlobalSection(ExtensibilityGlobals) = postSolution
		SolutionGuid = {78198BC7-02AB-40B5-8A40-F243EF6383E8}
	EndGlobalSection
EndGlobal
